
Microsoft Visual Studio Solution File, Format Version 12.00
# Visual Studio Version 16
VisualStudioVersion = 16.0.31129.286
MinimumVisualStudioVersion = 10.0.40219.1
Project("{FAE04EC0-301F-11D3-BF4B-00C04F79EFBC}") = "Bittirme", "Bittirme\Bittirme.csproj", "{C08FFCCA-B68B-4DA5-8ABF-F8B3E3550F82}"
EndProject
Project("{FAE04EC0-301F-11D3-BF4B-00C04F79EFBC}") = "Core", "Core\Core.csproj", "{169F50A9-6ACC-4D2B-848F-E85BEA6B2063}"
EndProject
Project("{FAE04EC0-301F-11D3-BF4B-00C04F79EFBC}") = "Data", "Data\Data.csproj", "{734E39FB-4173-4298-8A53-9C579158B39F}"
EndProject
Global
	GlobalSection(SolutionConfigurationPlatforms) = preSolution
		Debug|Any CPU = Debug|Any CPU
		Release|Any CPU = Release|Any CPU
	EndGlobalSection
	GlobalSection(ProjectConfigurationPlatforms) = postSolution
		{C08FFCCA-B68B-4DA5-8ABF-F8B3E3550F82}.Debug|Any CPU.ActiveCfg = Debug|Any CPU
		{C08FFCCA-B68B-4DA5-8ABF-F8B3E3550F82}.Debug|Any CPU.Build.0 = Debug|Any CPU
		{C08FFCCA-B68B-4DA5-8ABF-F8B3E3550F82}.Release|Any CPU.ActiveCfg = Release|Any CPU
		{C08FFCCA-B68B-4DA5-8ABF-F8B3E3550F82}.Release|Any CPU.Build.0 = Release|Any CPU
		{169F50A9-6ACC-4D2B-848F-E85BEA6B2063}.Debug|Any CPU.ActiveCfg = Debug|Any CPU
		{169F50A9-6ACC-4D2B-848F-E85BEA6B2063}.Debug|Any CPU.Build.0 = Debug|Any CPU
		{169F50A9-6ACC-4D2B-848F-E85BEA6B2063}.Release|Any CPU.ActiveCfg = Release|Any CPU
		{169F50A9-6ACC-4D2B-848F-E85BEA6B2063}.Release|Any CPU.Build.0 = Release|Any CPU
		{734E39FB-4173-4298-8A53-9C579158B39F}.Debug|Any CPU.ActiveCfg = Debug|Any CPU
		{734E39FB-4173-4298-8A53-9C579158B39F}.Debug|Any CPU.Build.0 = Debug|Any CPU
		{734E39FB-4173-4298-8A53-9C579158B39F}.Release|Any CPU.ActiveCfg = Release|Any CPU
		{734E39FB-4173-4298-8A53-9C579158B39F}.Release|Any CPU.Build.0 = Release|Any CPU
	EndGlobalSection
	GlobalSection(SolutionProperties) = preSolution
		HideSolutionNode = FALSE
	EndGlobalSection
	GlobalSection(ExtensibilityGlobals) = postSolution
		SolutionGuid = {D207A3B1-8AB5-470C-A0D5-77D39A0B833C}
	EndGlobalSection
EndGlobal
